
Microsoft Visual Studio Solution File, Format Version 12.00
# Visual Studio 2013
VisualStudioVersion = 12.0.0.0
MinimumVisualStudioVersion = 10.0.0.1
Project("{FAE04EC0-301F-11D3-BF4B-00C04F79EFBC}") = "AddressCacheProject", "AddressCacheProject\AddressCacheProject.csproj", "{F8FF27FD-3132-4650-98E6-CE24BA997364}"
EndProject
Project("{FAE04EC0-301F-11D3-BF4B-00C04F79EFBC}") = "AddressCacheTest", "AddressCacheTest\AddressCacheTest.csproj", "{FC4FF253-3FB7-48B5-887C-57E1A3297E11}"
EndProject
Global
	GlobalSection(SolutionConfigurationPlatforms) = preSolution
		Debug|Any CPU = Debug|Any CPU
		Release|Any CPU = Release|Any CPU
	EndGlobalSection
	GlobalSection(ProjectConfigurationPlatforms) = postSolution
		{F8FF27FD-3132-4650-98E6-CE24BA997364}.Debug|Any CPU.ActiveCfg = Debug|Any CPU
		{F8FF27FD-3132-4650-98E6-CE24BA997364}.Debug|Any CPU.Build.0 = Debug|Any CPU
		{F8FF27FD-3132-4650-98E6-CE24BA997364}.Release|Any CPU.ActiveCfg = Release|Any CPU
		{F8FF27FD-3132-4650-98E6-CE24BA997364}.Release|Any CPU.Build.0 = Release|Any CPU
		{FC4FF253-3FB7-48B5-887C-57E1A3297E11}.Debug|Any CPU.ActiveCfg = Debug|Any CPU
		{FC4FF253-3FB7-48B5-887C-57E1A3297E11}.Debug|Any CPU.Build.0 = Debug|Any CPU
		{FC4FF253-3FB7-48B5-887C-57E1A3297E11}.Release|Any CPU.ActiveCfg = Release|Any CPU
		{FC4FF253-3FB7-48B5-887C-57E1A3297E11}.Release|Any CPU.Build.0 = Release|Any CPU
	EndGlobalSection
	GlobalSection(SolutionProperties) = preSolution
		HideSolutionNode = FALSE
	EndGlobalSection
EndGlobal
